
Microsoft Visual Studio Solution File, Format Version 12.00
# Visual Studio Version 17
VisualStudioVersion = 17.11.35222.181
MinimumVisualStudioVersion = 10.0.40219.1
Project("{FAE04EC0-301F-11D3-BF4B-00C04F79EFBC}") = "functions", "functions\functions.csproj", "{EB1409E4-9C0D-4504-AF61-B59E559D1A5D}"
EndProject
Project("{FAE04EC0-301F-11D3-BF4B-00C04F79EFBC}") = "ArgumentsAndParameters", "ArgumentsAndParameters\ArgumentsAndParameters.csproj", "{A299A2BA-3A6B-4186-B5E4-396795573134}"
EndProject
Project("{FAE04EC0-301F-11D3-BF4B-00C04F79EFBC}") = "Calculator", "Calculator\Calculator.csproj", "{8918835F-1A2B-4819-AA81-2077F24E5B47}"
EndProject
Project("{FAE04EC0-301F-11D3-BF4B-00C04F79EFBC}") = "DiscountCalculator", "DiscountCalculator\DiscountCalculator.csproj", "{9F7A9C99-425D-48A7-BEE6-558E8EA8F5B6}"
EndProject
Global
	GlobalSection(SolutionConfigurationPlatforms) = preSolution
		Debug|Any CPU = Debug|Any CPU
		Release|Any CPU = Release|Any CPU
	EndGlobalSection
	GlobalSection(ProjectConfigurationPlatforms) = postSolution
		{EB1409E4-9C0D-4504-AF61-B59E559D1A5D}.Debug|Any CPU.ActiveCfg = Debug|Any CPU
		{EB1409E4-9C0D-4504-AF61-B59E559D1A5D}.Debug|Any CPU.Build.0 = Debug|Any CPU
		{EB1409E4-9C0D-4504-AF61-B59E559D1A5D}.Release|Any CPU.ActiveCfg = Release|Any CPU
		{EB1409E4-9C0D-4504-AF61-B59E559D1A5D}.Release|Any CPU.Build.0 = Release|Any CPU
		{A299A2BA-3A6B-4186-B5E4-396795573134}.Debug|Any CPU.ActiveCfg = Debug|Any CPU
		{A299A2BA-3A6B-4186-B5E4-396795573134}.Debug|Any CPU.Build.0 = Debug|Any CPU
		{A299A2BA-3A6B-4186-B5E4-396795573134}.Release|Any CPU.ActiveCfg = Release|Any CPU
		{A299A2BA-3A6B-4186-B5E4-396795573134}.Release|Any CPU.Build.0 = Release|Any CPU
		{8918835F-1A2B-4819-AA81-2077F24E5B47}.Debug|Any CPU.ActiveCfg = Debug|Any CPU
		{8918835F-1A2B-4819-AA81-2077F24E5B47}.Debug|Any CPU.Build.0 = Debug|Any CPU
		{8918835F-1A2B-4819-AA81-2077F24E5B47}.Release|Any CPU.ActiveCfg = Release|Any CPU
		{8918835F-1A2B-4819-AA81-2077F24E5B47}.Release|Any CPU.Build.0 = Release|Any CPU
		{9F7A9C99-425D-48A7-BEE6-558E8EA8F5B6}.Debug|Any CPU.ActiveCfg = Debug|Any CPU
		{9F7A9C99-425D-48A7-BEE6-558E8EA8F5B6}.Debug|Any CPU.Build.0 = Debug|Any CPU
		{9F7A9C99-425D-48A7-BEE6-558E8EA8F5B6}.Release|Any CPU.ActiveCfg = Release|Any CPU
		{9F7A9C99-425D-48A7-BEE6-558E8EA8F5B6}.Release|Any CPU.Build.0 = Release|Any CPU
	EndGlobalSection
	GlobalSection(SolutionProperties) = preSolution
		HideSolutionNode = FALSE
	EndGlobalSection
	GlobalSection(ExtensibilityGlobals) = postSolution
		SolutionGuid = {2E6494FD-40DF-46D3-AC6F-EB8A6E739F0E}
	EndGlobalSection
EndGlobal
